
Microsoft Visual Studio Solution File, Format Version 12.00
# Visual Studio Version 16
VisualStudioVersion = 16.0.29306.81
MinimumVisualStudioVersion = 10.0.40219.1
Project("{A0786B88-2ADB-4C21-ABE8-AA2D79766269}") = "beejee", "..\..\..\..\..\Users\79523\source\repos\beejee\beejee.phpproj", "{F4F96AB1-ABAE-4C38-9988-2F2E6D9525EB}"
EndProject
Global
	GlobalSection(SolutionConfigurationPlatforms) = preSolution
		Debug|Any CPU = Debug|Any CPU
		Release|Any CPU = Release|Any CPU
	EndGlobalSection
	GlobalSection(ProjectConfigurationPlatforms) = postSolution
		{F4F96AB1-ABAE-4C38-9988-2F2E6D9525EB}.Debug|Any CPU.ActiveCfg = Debug|Any CPU
		{F4F96AB1-ABAE-4C38-9988-2F2E6D9525EB}.Release|Any CPU.ActiveCfg = Release|Any CPU
	EndGlobalSection
	GlobalSection(SolutionProperties) = preSolution
		HideSolutionNode = FALSE
	EndGlobalSection
	GlobalSection(ExtensibilityGlobals) = postSolution
		SolutionGuid = {98761CE1-8A9F-475B-915E-BC3286A1B8D6}
	EndGlobalSection
EndGlobal
